
Microsoft Visual Studio Solution File, Format Version 12.00
# Visual Studio Version 17
VisualStudioVersion = 17.3.32922.545
MinimumVisualStudioVersion = 10.0.40219.1
Project("{FAE04EC0-301F-11D3-BF4B-00C04F79EFBC}") = "Встреча", "Встреча.csproj", "{55E8ECD9-5DDA-452F-A335-07D94B8ED40C}"
EndProject
Global
	GlobalSection(SolutionConfigurationPlatforms) = preSolution
		Debug|Any CPU = Debug|Any CPU
		Release|Any CPU = Release|Any CPU
	EndGlobalSection
	GlobalSection(ProjectConfigurationPlatforms) = postSolution
		{55E8ECD9-5DDA-452F-A335-07D94B8ED40C}.Debug|Any CPU.ActiveCfg = Debug|Any CPU
		{55E8ECD9-5DDA-452F-A335-07D94B8ED40C}.Debug|Any CPU.Build.0 = Debug|Any CPU
		{55E8ECD9-5DDA-452F-A335-07D94B8ED40C}.Release|Any CPU.ActiveCfg = Release|Any CPU
		{55E8ECD9-5DDA-452F-A335-07D94B8ED40C}.Release|Any CPU.Build.0 = Release|Any CPU
	EndGlobalSection
	GlobalSection(SolutionProperties) = preSolution
		HideSolutionNode = FALSE
	EndGlobalSection
	GlobalSection(ExtensibilityGlobals) = postSolution
		SolutionGuid = {2D127935-9041-424E-803C-3AF1ADAC3E68}
	EndGlobalSection
EndGlobal
